PODS:
  - CustomBaseUrlOneSignal (2.15.3)
  - Flutter (1.0.0)
  - onesignal_flutter (2.6.1):
    - CustomBaseUrlOneSignal (= 2.15.3)
    - Flutter

DEPENDENCIES:
  - CustomBaseUrlOneSignal (from `https://github.com/luis901101/OneSignal-iOS-SDK-Clone.git`, tag `2.15.3`)
  - Flutter (from `.symlinks/flutter/ios`)
  - onesignal_flutter (from `.symlinks/plugins/onesignal_flutter/ios`)

EXTERNAL SOURCES:
  CustomBaseUrlOneSignal:
    :git: https://github.com/luis901101/OneSignal-iOS-SDK-Clone.git
    :tag: 2.15.3
  Flutter:
    :path: ".symlinks/flutter/ios"
  onesignal_flutter:
    :path: ".symlinks/plugins/onesignal_flutter/ios"

CHECKOUT OPTIONS:
  CustomBaseUrlOneSignal:
    :git: https://github.com/luis901101/OneSignal-iOS-SDK-Clone.git
    :tag: 2.15.3

SPEC CHECKSUMS:
  CustomBaseUrlOneSignal: 86a070fd23c91a089d002f112d509250ff958479
  Flutter: 0e3d915762c693b495b44d77113d4970485de6ec
  onesignal_flutter: 57618d382ddcc1980d6c2271a305ccdcb30fdf6b

PODFILE CHECKSUM: 9eac8b117c9ef5a40f533ab6e602a25230468da2

COCOAPODS: 1.9.3
